
Microsoft Visual Studio Solution File, Format Version 12.00
# Visual Studio Version 16
VisualStudioVersion = 16.0.33920.266
MinimumVisualStudioVersion = 10.0.40219.1
Project("{151D2E53-A2C4-4D7D-83FE-D05416EBD58E}") = "CampaignProductAddRemove", "CampaignProductAddRemove.deployproj", "{70BAF736-B8F0-4700-A6A2-2B71F4FE332E}"
EndProject
Global
	GlobalSection(SolutionConfigurationPlatforms) = preSolution
		Debug|Any CPU = Debug|Any CPU
		Release|Any CPU = Release|Any CPU
	EndGlobalSection
	GlobalSection(ProjectConfigurationPlatforms) = postSolution
		{70BAF736-B8F0-4700-A6A2-2B71F4FE332E}.Debug|Any CPU.ActiveCfg = Debug|Any CPU
		{70BAF736-B8F0-4700-A6A2-2B71F4FE332E}.Debug|Any CPU.Build.0 = Debug|Any CPU
		{70BAF736-B8F0-4700-A6A2-2B71F4FE332E}.Release|Any CPU.ActiveCfg = Release|Any CPU
		{70BAF736-B8F0-4700-A6A2-2B71F4FE332E}.Release|Any CPU.Build.0 = Release|Any CPU
	EndGlobalSection
	GlobalSection(SolutionProperties) = preSolution
		HideSolutionNode = FALSE
	EndGlobalSection
	GlobalSection(ExtensibilityGlobals) = postSolution
		SolutionGuid = {1A932C30-41E5-4FAA-8801-0ED20B2A3793}
	EndGlobalSection
EndGlobal
